
Microsoft Visual Studio Solution File, Format Version 12.00
# Visual Studio 2012
Project("{930C7802-8A8C-48F9-8165-68863BCCD9DD}") = "GodaiQuestClientInstaller", "GodaiQuestClientInstaller.wixproj", "{F293E291-71BB-4B34-A8B8-9DB67901CB1F}"
EndProject
Global
	GlobalSection(SolutionConfigurationPlatforms) = preSolution
		Debug|x86 = Debug|x86
		Release|x86 = Release|x86
	EndGlobalSection
	GlobalSection(ProjectConfigurationPlatforms) = postSolution
		{F293E291-71BB-4B34-A8B8-9DB67901CB1F}.Debug|x86.ActiveCfg = Debug|x86
		{F293E291-71BB-4B34-A8B8-9DB67901CB1F}.Debug|x86.Build.0 = Debug|x86
		{F293E291-71BB-4B34-A8B8-9DB67901CB1F}.Release|x86.ActiveCfg = Release|x86
		{F293E291-71BB-4B34-A8B8-9DB67901CB1F}.Release|x86.Build.0 = Release|x86
	EndGlobalSection
	GlobalSection(SolutionProperties) = preSolution
		HideSolutionNode = FALSE
	EndGlobalSection
EndGlobal
